
Microsoft Visual Studio Solution File, Format Version 12.00
# Visual Studio Version 16
VisualStudioVersion = 16.0.29905.134
MinimumVisualStudioVersion = 10.0.40219.1
Project("{FAE04EC0-301F-11D3-BF4B-00C04F79EFBC}") = "RobertsJeanai_ConvertedData", "RobertsJeanai_ConvertedData.csproj", "{BBF177A5-75BA-48C4-97AF-BF96176157DA}"
EndProject
Global
	GlobalSection(SolutionConfigurationPlatforms) = preSolution
		Debug|Any CPU = Debug|Any CPU
		Release|Any CPU = Release|Any CPU
	EndGlobalSection
	GlobalSection(ProjectConfigurationPlatforms) = postSolution
		{BBF177A5-75BA-48C4-97AF-BF96176157DA}.Debug|Any CPU.ActiveCfg = Debug|Any CPU
		{BBF177A5-75BA-48C4-97AF-BF96176157DA}.Debug|Any CPU.Build.0 = Debug|Any CPU
		{BBF177A5-75BA-48C4-97AF-BF96176157DA}.Release|Any CPU.ActiveCfg = Release|Any CPU
		{BBF177A5-75BA-48C4-97AF-BF96176157DA}.Release|Any CPU.Build.0 = Release|Any CPU
	EndGlobalSection
	GlobalSection(SolutionProperties) = preSolution
		HideSolutionNode = FALSE
	EndGlobalSection
	GlobalSection(ExtensibilityGlobals) = postSolution
		SolutionGuid = {5CA1C048-9482-4EE7-8136-93F8EBFA9C1A}
	EndGlobalSection
EndGlobal
